
Microsoft Visual Studio Solution File, Format Version 12.00
# Visual Studio Version 17
VisualStudioVersion = 17.7.34018.315
MinimumVisualStudioVersion = 10.0.40219.1
Project("{8BC9CEB8-8B4A-11D0-8D11-00A0C91BC942}") = "Controller-Code", "Controller-Code\Controller-Code.vcxproj", "{F93CD506-D455-4202-AAF0-8813E66C313E}"
EndProject
Project("{2150E333-8FDC-42A3-9474-1A3956D46DE8}") = "Retro-Pie-Setup", "Retro-Pie-Setup", "{8F8DCC40-C1E7-4271-AA99-BB1E1A62544D}"
	ProjectSection(SolutionItems) = preProject
		Retro-Pie-Setup\misc retropie configuration setups.txt = Retro-Pie-Setup\misc retropie configuration setups.txt
	EndProjectSection
EndProject
Project("{888888A0-9F3D-457C-B088-3A5042F75D52}") = "Backround-Runner", "Backround-Runner\Backround-Runner.pyproj", "{EDED5C9C-08A6-4C1C-B575-C9C097511F77}"
EndProject
Global
	GlobalSection(SolutionConfigurationPlatforms) = preSolution
		Debug|Any CPU = Debug|Any CPU
		Debug|ARM = Debug|ARM
		Debug|ARM64 = Debug|ARM64
		Debug|x64 = Debug|x64
		Debug|x86 = Debug|x86
		Release|Any CPU = Release|Any CPU
		Release|ARM = Release|ARM
		Release|ARM64 = Release|ARM64
		Release|x64 = Release|x64
		Release|x86 = Release|x86
	EndGlobalSection
	GlobalSection(ProjectConfigurationPlatforms) = postSolution
		{F93CD506-D455-4202-AAF0-8813E66C313E}.Debug|Any CPU.ActiveCfg = Debug|x64
		{F93CD506-D455-4202-AAF0-8813E66C313E}.Debug|Any CPU.Build.0 = Debug|x64
		{F93CD506-D455-4202-AAF0-8813E66C313E}.Debug|Any CPU.Deploy.0 = Debug|x64
		{F93CD506-D455-4202-AAF0-8813E66C313E}.Debug|ARM.ActiveCfg = Debug|ARM
		{F93CD506-D455-4202-AAF0-8813E66C313E}.Debug|ARM.Build.0 = Debug|ARM
		{F93CD506-D455-4202-AAF0-8813E66C313E}.Debug|ARM.Deploy.0 = Debug|ARM
		{F93CD506-D455-4202-AAF0-8813E66C313E}.Debug|ARM64.ActiveCfg = Debug|ARM64
		{F93CD506-D455-4202-AAF0-8813E66C313E}.Debug|ARM64.Build.0 = Debug|ARM64
		{F93CD506-D455-4202-AAF0-8813E66C313E}.Debug|ARM64.Deploy.0 = Debug|ARM64
		{F93CD506-D455-4202-AAF0-8813E66C313E}.Debug|x64.ActiveCfg = Debug|x64
		{F93CD506-D455-4202-AAF0-8813E66C313E}.Debug|x64.Build.0 = Debug|x64
		{F93CD506-D455-4202-AAF0-8813E66C313E}.Debug|x64.Deploy.0 = Debug|x64
		{F93CD506-D455-4202-AAF0-8813E66C313E}.Debug|x86.ActiveCfg = Debug|x86
		{F93CD506-D455-4202-AAF0-8813E66C313E}.Debug|x86.Build.0 = Debug|x86
		{F93CD506-D455-4202-AAF0-8813E66C313E}.Debug|x86.Deploy.0 = Debug|x86
		{F93CD506-D455-4202-AAF0-8813E66C313E}.Release|Any CPU.ActiveCfg = Release|x64
		{F93CD506-D455-4202-AAF0-8813E66C313E}.Release|Any CPU.Build.0 = Release|x64
		{F93CD506-D455-4202-AAF0-8813E66C313E}.Release|Any CPU.Deploy.0 = Release|x64
		{F93CD506-D455-4202-AAF0-8813E66C313E}.Release|ARM.ActiveCfg = Release|ARM
		{F93CD506-D455-4202-AAF0-8813E66C313E}.Release|ARM.Build.0 = Release|ARM
		{F93CD506-D455-4202-AAF0-8813E66C313E}.Release|ARM.Deploy.0 = Release|ARM
		{F93CD506-D455-4202-AAF0-8813E66C313E}.Release|ARM64.ActiveCfg = Release|ARM64
		{F93CD506-D455-4202-AAF0-8813E66C313E}.Release|ARM64.Build.0 = Release|ARM64
		{F93CD506-D455-4202-AAF0-8813E66C313E}.Release|ARM64.Deploy.0 = Release|ARM64
		{F93CD506-D455-4202-AAF0-8813E66C313E}.Release|x64.ActiveCfg = Release|x64
		{F93CD506-D455-4202-AAF0-8813E66C313E}.Release|x64.Build.0 = Release|x64
		{F93CD506-D455-4202-AAF0-8813E66C313E}.Release|x64.Deploy.0 = Release|x64
		{F93CD506-D455-4202-AAF0-8813E66C313E}.Release|x86.ActiveCfg = Release|x86
		{F93CD506-D455-4202-AAF0-8813E66C313E}.Release|x86.Build.0 = Release|x86
		{F93CD506-D455-4202-AAF0-8813E66C313E}.Release|x86.Deploy.0 = Release|x86
		{EDED5C9C-08A6-4C1C-B575-C9C097511F77}.Debug|Any CPU.ActiveCfg = Debug|Any CPU
		{EDED5C9C-08A6-4C1C-B575-C9C097511F77}.Debug|ARM.ActiveCfg = Debug|Any CPU
		{EDED5C9C-08A6-4C1C-B575-C9C097511F77}.Debug|ARM64.ActiveCfg = Debug|Any CPU
		{EDED5C9C-08A6-4C1C-B575-C9C097511F77}.Debug|x64.ActiveCfg = Debug|Any CPU
		{EDED5C9C-08A6-4C1C-B575-C9C097511F77}.Debug|x86.ActiveCfg = Debug|Any CPU
		{EDED5C9C-08A6-4C1C-B575-C9C097511F77}.Release|Any CPU.ActiveCfg = Release|Any CPU
		{EDED5C9C-08A6-4C1C-B575-C9C097511F77}.Release|ARM.ActiveCfg = Release|Any CPU
		{EDED5C9C-08A6-4C1C-B575-C9C097511F77}.Release|ARM64.ActiveCfg = Release|Any CPU
		{EDED5C9C-08A6-4C1C-B575-C9C097511F77}.Release|x64.ActiveCfg = Release|Any CPU
		{EDED5C9C-08A6-4C1C-B575-C9C097511F77}.Release|x86.ActiveCfg = Release|Any CPU
	EndGlobalSection
	GlobalSection(SolutionProperties) = preSolution
		HideSolutionNode = FALSE
	EndGlobalSection
	GlobalSection(ExtensibilityGlobals) = postSolution
		SolutionGuid = {7208EC21-88F5-4923-9D7F-F37BFF95B038}
	EndGlobalSection
EndGlobal
